
Microsoft Visual Studio Solution File, Format Version 12.00
# Visual Studio Version 17
VisualStudioVersion = 17.0.31912.275
MinimumVisualStudioVersion = 10.0.40219.1
Project("{9A19103F-16F7-4668-BE54-9A1E7A4F7556}") = "BusWpf", "BusWpf\BusWpf.csproj", "{2E5FE411-E7E2-4C23-91D4-19C90F635A86}"
EndProject
Project("{FAE04EC0-301F-11D3-BF4B-00C04F79EFBC}") = "BusWPFAPI", "BusWPFAPI\BusWPFAPI.csproj", "{1C84498F-9D07-4D22-B54C-CC88DC3AA3F2}"
EndProject
Global
	GlobalSection(SolutionConfigurationPlatforms) = preSolution
		Debug|Any CPU = Debug|Any CPU
		Debug|x64 = Debug|x64
		Release|Any CPU = Release|Any CPU
		Release|x64 = Release|x64
	EndGlobalSection
	GlobalSection(ProjectConfigurationPlatforms) = postSolution
		{2E5FE411-E7E2-4C23-91D4-19C90F635A86}.Debug|Any CPU.ActiveCfg = Debug|Any CPU
		{2E5FE411-E7E2-4C23-91D4-19C90F635A86}.Debug|Any CPU.Build.0 = Debug|Any CPU
		{2E5FE411-E7E2-4C23-91D4-19C90F635A86}.Debug|x64.ActiveCfg = Debug|Any CPU
		{2E5FE411-E7E2-4C23-91D4-19C90F635A86}.Debug|x64.Build.0 = Debug|Any CPU
		{2E5FE411-E7E2-4C23-91D4-19C90F635A86}.Release|Any CPU.ActiveCfg = Release|Any CPU
		{2E5FE411-E7E2-4C23-91D4-19C90F635A86}.Release|Any CPU.Build.0 = Release|Any CPU
		{2E5FE411-E7E2-4C23-91D4-19C90F635A86}.Release|x64.ActiveCfg = Release|Any CPU
		{2E5FE411-E7E2-4C23-91D4-19C90F635A86}.Release|x64.Build.0 = Release|Any CPU
		{1C84498F-9D07-4D22-B54C-CC88DC3AA3F2}.Debug|Any CPU.ActiveCfg = Release|Any CPU
		{1C84498F-9D07-4D22-B54C-CC88DC3AA3F2}.Debug|Any CPU.Build.0 = Release|Any CPU
		{1C84498F-9D07-4D22-B54C-CC88DC3AA3F2}.Debug|x64.ActiveCfg = Debug|Any CPU
		{1C84498F-9D07-4D22-B54C-CC88DC3AA3F2}.Debug|x64.Build.0 = Debug|Any CPU
		{1C84498F-9D07-4D22-B54C-CC88DC3AA3F2}.Release|Any CPU.ActiveCfg = Release|Any CPU
		{1C84498F-9D07-4D22-B54C-CC88DC3AA3F2}.Release|Any CPU.Build.0 = Release|Any CPU
		{1C84498F-9D07-4D22-B54C-CC88DC3AA3F2}.Release|x64.ActiveCfg = Release|Any CPU
		{1C84498F-9D07-4D22-B54C-CC88DC3AA3F2}.Release|x64.Build.0 = Release|Any CPU
	EndGlobalSection
	GlobalSection(SolutionProperties) = preSolution
		HideSolutionNode = FALSE
	EndGlobalSection
	GlobalSection(ExtensibilityGlobals) = postSolution
		SolutionGuid = {DAFAA58D-F9B2-49EF-A760-232E0DCABBCB}
	EndGlobalSection
EndGlobal
